<?xml version="1.0" encoding="utf-8"?>
<Project ToolsVersion="4.0" xmlns="http://schemas.microsoft.com/developer/msbuild/2003">
  <ItemGroup>
    <Filter Include="Terrain">
      <UniqueIdentifier>{3f25218b-11cb-4174-a387-d83d949bf594}</UniqueIdentifier>
    </Filter>
    <Filter Include="Classes">
      <UniqueIdentifier>{259d7d2d-96ef-4426-afe9-0fc467e95b41}</UniqueIdentifier>
    </Filter>
    <Filter Include="Classes\Actions">
      <UniqueIdentifier>{7c79708c-cb28-4637-8b01-5e0718a398f9}</UniqueIdentifier>
    </Filter>
    <Filter Include="Classes\Sprites">
      <UniqueIdentifier>{fcc6968d-d19d-4cc8-ad05-c652f304de60}</UniqueIdentifier>
    </Filter>
    <Filter Include="Classes\Colliders">
      <UniqueIdentifier>{91cb8ca6-d81e-4aee-aa3a-fc1a2074eb09}</UniqueIdentifier>
    </Filter>
    <Filter Include="Classes\Actions\FieldActions">
      <UniqueIdentifier>{ca55b644-8efa-46b1-8d2f-9b25ba6358ab}</UniqueIdentifier>
    </Filter>
    <Filter Include="Classes\Actions\SpriteActions">
      <UniqueIdentifier>{47883e01-41be-4ab6-a701-aa226b372339}</UniqueIdentifier>
    </Filter>
    <Filter Include="Main">
      <UniqueIdentifier>{3c2c1be9-3e67-4adb-beaf-25e2898f1c47}</UniqueIdentifier>
    </Filter>
  </ItemGroup>
  <ItemGroup>
    <None Include="packages.config" />
  </ItemGroup>
  <ItemGroup>
    <ClCompile Include="Action.cpp">
      <Filter>Classes</Filter>
    </ClCompile>
    <ClCompile Include="CollisionHandler.cpp">
      <Filter>Classes</Filter>
    </ClCompile>
    <ClCompile Include="Field.cpp">
      <Filter>Classes</Filter>
    </ClCompile>
    <ClCompile Include="Sprite.cpp">
      <Filter>Classes</Filter>
    </ClCompile>
    <ClCompile Include="TerrainSequence.cpp">
      <Filter>Classes</Filter>
    </ClCompile>
    <ClCompile Include="ColPlayerObstacle.cpp">
      <Filter>Classes\Colliders</Filter>
    </ClCompile>
    <ClCompile Include="SpAcFireProjectile.cpp">
      <Filter>Classes\Actions\SpriteActions</Filter>
    </ClCompile>
    <ClCompile Include="SpAcJump.cpp">
      <Filter>Classes\Actions\SpriteActions</Filter>
    </ClCompile>
    <ClCompile Include="SpAcMove.cpp">
      <Filter>Classes\Actions\SpriteActions</Filter>
    </ClCompile>
    <ClCompile Include="FiAcCreateProjectile.cpp">
      <Filter>Classes\Actions\FieldActions</Filter>
    </ClCompile>
    <ClCompile Include="FiAcGenerate.cpp">
      <Filter>Classes\Actions\FieldActions</Filter>
    </ClCompile>
    <ClCompile Include="FiAcMove.cpp">
      <Filter>Classes\Actions\FieldActions</Filter>
    </ClCompile>
    <ClCompile Include="SpBonus.cpp">
      <Filter>Classes\Sprites</Filter>
    </ClCompile>
    <ClCompile Include="SpObstacle.cpp">
      <Filter>Classes\Sprites</Filter>
    </ClCompile>
    <ClCompile Include="SpPlayer.cpp">
      <Filter>Classes\Sprites</Filter>
    </ClCompile>
    <ClCompile Include="SpProjectile.cpp">
      <Filter>Classes\Sprites</Filter>
    </ClCompile>
    <ClCompile Include="SpriteAction.cpp">
      <Filter>Classes\Actions</Filter>
    </ClCompile>
    <ClCompile Include="FieldAction.cpp">
      <Filter>Classes\Actions</Filter>
    </ClCompile>
    <ClCompile Include="main.cpp">
      <Filter>Main</Filter>
    </ClCompile>
    <ClCompile Include="View.cpp">
      <Filter>Main</Filter>
    </ClCompile>
  </ItemGroup>
  <ItemGroup>
    <ClInclude Include="Action.h">
      <Filter>Classes</Filter>
    </ClInclude>
    <ClInclude Include="Collider.h">
      <Filter>Classes</Filter>
    </ClInclude>
    <ClInclude Include="CollisionHandler.h">
      <Filter>Classes</Filter>
    </ClInclude>
    <ClInclude Include="Direction.h">
      <Filter>Classes</Filter>
    </ClInclude>
    <ClInclude Include="Field.h">
      <Filter>Classes</Filter>
    </ClInclude>
    <ClInclude Include="Sprite.h">
      <Filter>Classes</Filter>
    </ClInclude>
    <ClInclude Include="SpriteType.h">
      <Filter>Classes</Filter>
    </ClInclude>
    <ClInclude Include="TerrainSequence.h">
      <Filter>Classes</Filter>
    </ClInclude>
    <ClInclude Include="ColPlayerObstacle.h">
      <Filter>Classes\Colliders</Filter>
    </ClInclude>
    <ClInclude Include="SpAcFireProjectile.h">
      <Filter>Classes\Actions\SpriteActions</Filter>
    </ClInclude>
    <ClInclude Include="SpAcJump.h">
      <Filter>Classes\Actions\SpriteActions</Filter>
    </ClInclude>
    <ClInclude Include="SpAcMove.h">
      <Filter>Classes\Actions\SpriteActions</Filter>
    </ClInclude>
    <ClInclude Include="FiAcCreateProjectile.h">
      <Filter>Classes\Actions\FieldActions</Filter>
    </ClInclude>
    <ClInclude Include="FiAcGenerate.h">
      <Filter>Classes\Actions\FieldActions</Filter>
    </ClInclude>
    <ClInclude Include="SpBonus.h">
      <Filter>Classes\Sprites</Filter>
    </ClInclude>
    <ClInclude Include="SpObstacle.h">
      <Filter>Classes\Sprites</Filter>
    </ClInclude>
    <ClInclude Include="SpPlayer.h">
      <Filter>Classes\Sprites</Filter>
    </ClInclude>
    <ClInclude Include="SpProjectile.h">
      <Filter>Classes\Sprites</Filter>
    </ClInclude>
    <ClInclude Include="SpriteAction.h">
      <Filter>Classes\Actions</Filter>
    </ClInclude>
    <ClInclude Include="FieldAction.h">
      <Filter>Classes\Actions</Filter>
    </ClInclude>
    <ClInclude Include="FiAcMove.h">
      <Filter>Classes\Actions\FieldActions</Filter>
    </ClInclude>
    <ClInclude Include="config.h">
      <Filter>Main</Filter>
    </ClInclude>
    <ClInclude Include="View.h">
      <Filter>Main</Filter>
    </ClInclude>
  </ItemGroup>
  <ItemGroup>
    <Text Include="terrain0-0.txt">
      <Filter>Terrain</Filter>
    </Text>
    <Text Include="terrain0-1.txt">
      <Filter>Terrain</Filter>
    </Text>
    <Text Include="terrain0-2.txt">
      <Filter>Terrain</Filter>
    </Text>
    <Text Include="terrain0-3.txt">
      <Filter>Terrain</Filter>
    </Text>
    <Text Include="terrain1-0.txt">
      <Filter>Terrain</Filter>
    </Text>
    <Text Include="terrain1-1.txt">
      <Filter>Terrain</Filter>
    </Text>
    <Text Include="terrain1-2.txt">
      <Filter>Terrain</Filter>
    </Text>
    <Text Include="terrain1-3.txt">
      <Filter>Terrain</Filter>
    </Text>
    <Text Include="terrain2-0.txt">
      <Filter>Terrain</Filter>
    </Text>
    <Text Include="terrain3-3.txt">
      <Filter>Terrain</Filter>
    </Text>
    <Text Include="terrain2-1.txt">
      <Filter>Terrain</Filter>
    </Text>
    <Text Include="terrain2-2.txt">
      <Filter>Terrain</Filter>
    </Text>
    <Text Include="terrain2-3.txt">
      <Filter>Terrain</Filter>
    </Text>
    <Text Include="terrain3-0.txt">
      <Filter>Terrain</Filter>
    </Text>
    <Text Include="terrain3-1.txt">
      <Filter>Terrain</Filter>
    </Text>
    <Text Include="terrain3-2.txt">
      <Filter>Terrain</Filter>
    </Text>
  </ItemGroup>
</Project>